
Microsoft Visual Studio Solution File, Format Version 12.00
# Visual Studio Version 16
VisualStudioVersion = 16.0.34031.81
MinimumVisualStudioVersion = 10.0.40219.1
Project("{9A19103F-16F7-4668-BE54-9A1E7A4F7556}") = "Web_Ban_Hang", "Web_Ban_Hang\Web_Ban_Hang.csproj", "{743AC051-642B-464A-86DE-D6B50194318E}"
EndProject
Global
	GlobalSection(SolutionConfigurationPlatforms) = preSolution
		Debug|Any CPU = Debug|Any CPU
		Release|Any CPU = Release|Any CPU
	EndGlobalSection
	GlobalSection(ProjectConfigurationPlatforms) = postSolution
		{743AC051-642B-464A-86DE-D6B50194318E}.Debug|Any CPU.ActiveCfg = Debug|Any CPU
		{743AC051-642B-464A-86DE-D6B50194318E}.Debug|Any CPU.Build.0 = Debug|Any CPU
		{743AC051-642B-464A-86DE-D6B50194318E}.Release|Any CPU.ActiveCfg = Release|Any CPU
		{743AC051-642B-464A-86DE-D6B50194318E}.Release|Any CPU.Build.0 = Release|Any CPU
	EndGlobalSection
	GlobalSection(SolutionProperties) = preSolution
		HideSolutionNode = FALSE
	EndGlobalSection
	GlobalSection(ExtensibilityGlobals) = postSolution
		SolutionGuid = {41F8A9EE-EB2E-42E1-9695-D892913A0CBA}
	EndGlobalSection
EndGlobal
